
Microsoft Visual Studio Solution File, Format Version 12.00
# Visual Studio Version 16
VisualStudioVersion = 16.0.30907.101
MinimumVisualStudioVersion = 10.0.40219.1
Project("{8BC9CEB8-8B4A-11D0-8D11-00A0C91BC942}") = "ConsoleApplication48", "ConsoleApplication48.vcxproj", "{EAF35C0B-4E3E-4499-AC22-0A6C29D2730E}"
EndProject
Global
	GlobalSection(SolutionConfigurationPlatforms) = preSolution
		Debug|x64 = Debug|x64
		Debug|x86 = Debug|x86
		Release|x64 = Release|x64
		Release|x86 = Release|x86
	EndGlobalSection
	GlobalSection(ProjectConfigurationPlatforms) = postSolution
		{EAF35C0B-4E3E-4499-AC22-0A6C29D2730E}.Debug|x64.ActiveCfg = Debug|x64
		{EAF35C0B-4E3E-4499-AC22-0A6C29D2730E}.Debug|x64.Build.0 = Debug|x64
		{EAF35C0B-4E3E-4499-AC22-0A6C29D2730E}.Debug|x86.ActiveCfg = Debug|Win32
		{EAF35C0B-4E3E-4499-AC22-0A6C29D2730E}.Debug|x86.Build.0 = Debug|Win32
		{EAF35C0B-4E3E-4499-AC22-0A6C29D2730E}.Release|x64.ActiveCfg = Release|x64
		{EAF35C0B-4E3E-4499-AC22-0A6C29D2730E}.Release|x64.Build.0 = Release|x64
		{EAF35C0B-4E3E-4499-AC22-0A6C29D2730E}.Release|x86.ActiveCfg = Release|Win32
		{EAF35C0B-4E3E-4499-AC22-0A6C29D2730E}.Release|x86.Build.0 = Release|Win32
	EndGlobalSection
	GlobalSection(SolutionProperties) = preSolution
		HideSolutionNode = FALSE
	EndGlobalSection
	GlobalSection(ExtensibilityGlobals) = postSolution
		SolutionGuid = {989103C9-F18C-409E-8579-939D47E7119D}
	EndGlobalSection
EndGlobal
